
Microsoft Visual Studio Solution File, Format Version 12.00
# Visual Studio Version 17
VisualStudioVersion = 17.5.33627.172
MinimumVisualStudioVersion = 10.0.40219.1
Project("{9A19103F-16F7-4668-BE54-9A1E7A4F7556}") = "Mover", "Mover\Mover.csproj", "{3EC01527-1B5B-4650-80AE-A8259EBC0AEB}"
EndProject
Project("{2150E333-8FDC-42A3-9474-1A3956D46DE8}") = "modules", "modules", "{3645434F-96DD-406C-97B2-25260068F9E5}"
EndProject
Project("{9A19103F-16F7-4668-BE54-9A1E7A4F7556}") = "Mover.Modules.FitDecoder", "modules\Mover.Modules.FitDecoder\Mover.Modules.FitDecoder.csproj", "{EB67214D-BB75-4A1B-BE6B-9DC47132F193}"
EndProject
Project("{9A19103F-16F7-4668-BE54-9A1E7A4F7556}") = "Mover.Shared", "Mover.Shared\Mover.Shared.csproj", "{352FEF1E-8E1F-42E4-A212-EAD798654CBE}"
EndProject
Project("{9A19103F-16F7-4668-BE54-9A1E7A4F7556}") = "Mover.Modules.FitDecoder.Shared", "modules\Mover.Modules.FitDecoder.Shared\Mover.Modules.FitDecoder.Shared.csproj", "{D1408A9F-65D9-4B2F-9127-73007F348A54}"
EndProject
Project("{FAE04EC0-301F-11D3-BF4B-00C04F79EFBC}") = "Mover.Modules.Uploader", "modules\Mover.Modules.Uploader\Mover.Modules.Uploader.csproj", "{4760C94C-D5A5-4709-ABED-B359650BB418}"
EndProject
Project("{FAE04EC0-301F-11D3-BF4B-00C04F79EFBC}") = "Mover.Modules.Uploader.Shared", "modules\Mover.Modules.Uploader.Shared\Mover.Modules.Uploader.Shared.csproj", "{CD1238E4-347D-4397-9C3A-6B8C7CBE0BF6}"
EndProject
Global
	GlobalSection(SolutionConfigurationPlatforms) = preSolution
		Debug|Any CPU = Debug|Any CPU
		Release|Any CPU = Release|Any CPU
	EndGlobalSection
	GlobalSection(ProjectConfigurationPlatforms) = postSolution
		{3EC01527-1B5B-4650-80AE-A8259EBC0AEB}.Debug|Any CPU.ActiveCfg = Debug|Any CPU
		{3EC01527-1B5B-4650-80AE-A8259EBC0AEB}.Debug|Any CPU.Build.0 = Debug|Any CPU
		{3EC01527-1B5B-4650-80AE-A8259EBC0AEB}.Release|Any CPU.ActiveCfg = Release|Any CPU
		{3EC01527-1B5B-4650-80AE-A8259EBC0AEB}.Release|Any CPU.Build.0 = Release|Any CPU
		{EB67214D-BB75-4A1B-BE6B-9DC47132F193}.Debug|Any CPU.ActiveCfg = Debug|Any CPU
		{EB67214D-BB75-4A1B-BE6B-9DC47132F193}.Debug|Any CPU.Build.0 = Debug|Any CPU
		{EB67214D-BB75-4A1B-BE6B-9DC47132F193}.Release|Any CPU.ActiveCfg = Release|Any CPU
		{EB67214D-BB75-4A1B-BE6B-9DC47132F193}.Release|Any CPU.Build.0 = Release|Any CPU
		{352FEF1E-8E1F-42E4-A212-EAD798654CBE}.Debug|Any CPU.ActiveCfg = Debug|Any CPU
		{352FEF1E-8E1F-42E4-A212-EAD798654CBE}.Debug|Any CPU.Build.0 = Debug|Any CPU
		{352FEF1E-8E1F-42E4-A212-EAD798654CBE}.Release|Any CPU.ActiveCfg = Release|Any CPU
		{352FEF1E-8E1F-42E4-A212-EAD798654CBE}.Release|Any CPU.Build.0 = Release|Any CPU
		{D1408A9F-65D9-4B2F-9127-73007F348A54}.Debug|Any CPU.ActiveCfg = Debug|Any CPU
		{D1408A9F-65D9-4B2F-9127-73007F348A54}.Debug|Any CPU.Build.0 = Debug|Any CPU
		{D1408A9F-65D9-4B2F-9127-73007F348A54}.Release|Any CPU.ActiveCfg = Release|Any CPU
		{D1408A9F-65D9-4B2F-9127-73007F348A54}.Release|Any CPU.Build.0 = Release|Any CPU
		{4760C94C-D5A5-4709-ABED-B359650BB418}.Debug|Any CPU.ActiveCfg = Debug|Any CPU
		{4760C94C-D5A5-4709-ABED-B359650BB418}.Debug|Any CPU.Build.0 = Debug|Any CPU
		{4760C94C-D5A5-4709-ABED-B359650BB418}.Release|Any CPU.ActiveCfg = Release|Any CPU
		{4760C94C-D5A5-4709-ABED-B359650BB418}.Release|Any CPU.Build.0 = Release|Any CPU
		{CD1238E4-347D-4397-9C3A-6B8C7CBE0BF6}.Debug|Any CPU.ActiveCfg = Debug|Any CPU
		{CD1238E4-347D-4397-9C3A-6B8C7CBE0BF6}.Debug|Any CPU.Build.0 = Debug|Any CPU
		{CD1238E4-347D-4397-9C3A-6B8C7CBE0BF6}.Release|Any CPU.ActiveCfg = Release|Any CPU
		{CD1238E4-347D-4397-9C3A-6B8C7CBE0BF6}.Release|Any CPU.Build.0 = Release|Any CPU
	EndGlobalSection
	GlobalSection(SolutionProperties) = preSolution
		HideSolutionNode = FALSE
	EndGlobalSection
	GlobalSection(NestedProjects) = preSolution
		{EB67214D-BB75-4A1B-BE6B-9DC47132F193} = {3645434F-96DD-406C-97B2-25260068F9E5}
		{D1408A9F-65D9-4B2F-9127-73007F348A54} = {3645434F-96DD-406C-97B2-25260068F9E5}
		{4760C94C-D5A5-4709-ABED-B359650BB418} = {3645434F-96DD-406C-97B2-25260068F9E5}
		{CD1238E4-347D-4397-9C3A-6B8C7CBE0BF6} = {3645434F-96DD-406C-97B2-25260068F9E5}
	EndGlobalSection
	GlobalSection(ExtensibilityGlobals) = postSolution
		SolutionGuid = {9CAD614E-1BB0-4739-B611-85F4B04B884E}
	EndGlobalSection
EndGlobal
